
Microsoft Visual Studio Solution File, Format Version 12.00
# Visual Studio 15
VisualStudioVersion = 15.0.28307.1169
MinimumVisualStudioVersion = 10.0.40219.1
Project("{FAE04EC0-301F-11D3-BF4B-00C04F79EFBC}") = "StoreFrontLAB", "StoreFrontLAB\StoreFrontLAB.csproj", "{6DC54CDC-0A30-4303-8A06-E0F799E6516F}"
EndProject
Project("{FAE04EC0-301F-11D3-BF4B-00C04F79EFBC}") = "StoreFrontLAB.DATA.EF", "StoreFrontLAB.DATA.EF\StoreFrontLAB.DATA.EF.csproj", "{65D83D8B-221A-476A-96B3-A181F20CFA0C}"
EndProject
Global
	GlobalSection(SolutionConfigurationPlatforms) = preSolution
		Debug|Any CPU = Debug|Any CPU
		Release|Any CPU = Release|Any CPU
	EndGlobalSection
	GlobalSection(ProjectConfigurationPlatforms) = postSolution
		{6DC54CDC-0A30-4303-8A06-E0F799E6516F}.Debug|Any CPU.ActiveCfg = Debug|Any CPU
		{6DC54CDC-0A30-4303-8A06-E0F799E6516F}.Debug|Any CPU.Build.0 = Debug|Any CPU
		{6DC54CDC-0A30-4303-8A06-E0F799E6516F}.Release|Any CPU.ActiveCfg = Release|Any CPU
		{6DC54CDC-0A30-4303-8A06-E0F799E6516F}.Release|Any CPU.Build.0 = Release|Any CPU
		{65D83D8B-221A-476A-96B3-A181F20CFA0C}.Debug|Any CPU.ActiveCfg = Debug|Any CPU
		{65D83D8B-221A-476A-96B3-A181F20CFA0C}.Debug|Any CPU.Build.0 = Debug|Any CPU
		{65D83D8B-221A-476A-96B3-A181F20CFA0C}.Release|Any CPU.ActiveCfg = Release|Any CPU
		{65D83D8B-221A-476A-96B3-A181F20CFA0C}.Release|Any CPU.Build.0 = Release|Any CPU
	EndGlobalSection
	GlobalSection(SolutionProperties) = preSolution
		HideSolutionNode = FALSE
	EndGlobalSection
	GlobalSection(ExtensibilityGlobals) = postSolution
		SolutionGuid = {94AB30C4-43B4-4AA6-8B95-A46BC9ABD3DF}
	EndGlobalSection
EndGlobal
